// !$*UTF8*$!
{
	archiveVersion = 1;
	classes = {
	};
	objectVersion = 46;
	objects = {

/* Begin PBXBuildFile section */
		AD01ABCC1B817E55009196C1 /* AppDelegate.swift in Sources */ = {isa = PBXBuildFile; fileRef = AD01ABCB1B817E55009196C1 /* AppDelegate.swift */; };
		AD01ABCF1B817E55009196C1 /* CapstoneProject.xcdatamodeld in Sources */ = {isa = PBXBuildFile; fileRef = AD01ABCD1B817E55009196C1 /* CapstoneProject.xcdatamodeld */; };
		AD01ABD11B817E55009196C1 /* ViewController.swift in Sources */ = {isa = PBXBuildFile; fileRef = AD01ABD01B817E55009196C1 /* ViewController.swift */; };
		AD01ABD41B817E55009196C1 /* Main.storyboard in Resources */ = {isa = PBXBuildFile; fileRef = AD01ABD21B817E55009196C1 /* Main.storyboard */; };
		AD01ABD61B817E55009196C1 /* Images.xcassets in Resources */ = {isa = PBXBuildFile; fileRef = AD01ABD51B817E55009196C1 /* Images.xcassets */; };
		AD01ABD91B817E55009196C1 /* LaunchScreen.xib in Resources */ = {isa = PBXBuildFile; fileRef = AD01ABD71B817E55009196C1 /* LaunchScreen.xib */; };
		AD01ABE51B817E55009196C1 /* CapstoneProjectTests.swift in Sources */ = {isa = PBXBuildFile; fileRef = AD01ABE41B817E55009196C1 /* CapstoneProjectTests.swift */; };
/* End PBXBuildFile section */

/* Begin PBXContainerItemProxy section */
		AD01ABDF1B817E55009196C1 /* PBXContainerItemProxy */ = {
			isa = PBXContainerItemProxy;
			containerPortal = AD01ABBE1B817E55009196C1 /* Project object */;
			proxyType = 1;
			remoteGlobalIDString = AD01ABC51B817E55009196C1;
			remoteInfo = CapstoneProject;
		};
/* End PBXContainerItemProxy section */

/* Begin PBXFileReference section */
		AD01ABC61B817E55009196C1 /* CapstoneProject.app */ = {isa = PBXFileReference; explicitFileType = wrapper.application; includeInIndex = 0; path = CapstoneProject.app; sourceTree = BUILT_PRODUCTS_DIR; };
		AD01ABCA1B817E55009196C1 /* Info.plist */ = {isa = PBXFileReference; lastKnownFileType = text.plist.xml; path = Info.plist; sourceTree = "<group>"; };
		AD01ABCB1B817E55009196C1 /* AppDelegate.swift */ = {isa = PBXFileReference; lastKnownFileType = sourcecode.swift; path = AppDelegate.swift; sourceTree = "<group>"; };
		AD01ABCE1B817E55009196C1 /* CapstoneProject.xcdatamodel */ = {isa = PBXFileReference; lastKnownFileType = wrapper.xcdatamodel; path = CapstoneProject.xcdatamodel; sourceTree = "<group>"; };
		AD01ABD01B817E55009196C1 /* ViewController.swift */ = {isa = PBXFileReference; lastKnownFileType = sourcecode.swift; path = ViewController.swift; sourceTree = "<group>"; };
		AD01ABD31B817E55009196C1 /* Base */ = {isa = PBXFileReference; lastKnownFileType = file.storyboard; name = Base; path = Base.lproj/Main.storyboard; sourceTree = "<group>"; };
		AD01ABD51B817E55009196C1 /* Images.xcassets */ = {isa = PBXFileReference; lastKnownFileType = folder.assetcatalog; path = Images.xcassets; sourceTree = "<group>"; };
		AD01ABD81B817E55009196C1 /* Base */ = {isa = PBXFileReference; lastKnownFileType = file.xib; name = Base; path = Base.lproj/LaunchScreen.xib; sourceTree = "<group>"; };
		AD01ABDE1B817E55009196C1 /* CapstoneProjectTests.xctest */ = {isa = PBXFileReference; explicitFileType = wrapper.cfbundle; includeInIndex = 0; path = CapstoneProjectTests.xctest; sourceTree = BUILT_PRODUCTS_DIR; };
		AD01ABE31B817E55009196C1 /* Info.plist */ = {isa = PBXFileReference; lastKnownFileType = text.plist.xml; path = Info.plist; sourceTree = "<group>"; };
		AD01ABE41B817E55009196C1 /* CapstoneProjectTests.swift */ = {isa = PBXFileReference; lastKnownFileType = sourcecode.swift; path = CapstoneProjectTests.swift; sourceTree = "<group>"; };
/* End PBXFileReference section */

/* Begin PBXFrameworksBuildPhase section */
		AD01ABC31B817E55009196C1 /* Frameworks */ = {
			isa = PBXFrameworksBuildPhase;
			buildActionMask = 2147483647;
			files = (
			);
			runOnlyForDeploymentPostprocessing = 0;
		};
		AD01ABDB1B817E55009196C1 /* Frameworks */ = {
			isa = PBXFrameworksBuildPhase;
			buildActionMask = 2147483647;
			files = (
			);
			runOnlyForDeploymentPostprocessing = 0;
		};
/* End PBXFrameworksBuildPhase section */

/* Begin PBXGroup section */
		AD01ABBD1B817E55009196C1 = {
			isa = PBXGroup;
			children = (
				AD01ABC81B817E55009196C1 /* CapstoneProject */,
				AD01ABE11B817E55009196C1 /* CapstoneProjectTests */,
				AD01ABC71B817E55009196C1 /* Products */,
			);
			sourceTree = "<group>";
		};
		AD01ABC71B817E55009196C1 /* Products */ = {
			isa = PBXGroup;
			children = (
				AD01ABC61B817E55009196C1 /* CapstoneProject.app */,
				AD01ABDE1B817E55009196C1 /* CapstoneProjectTests.xctest */,
			);
			name = Products;
			sourceTree = "<group>";
		};
		AD01ABC81B817E55009196C1 /* CapstoneProject */ = {
			isa = PBXGroup;
			children = (
				AD01ABCB1B817E55009196C1 /* AppDelegate.swift */,
				AD01ABD01B817E55009196C1 /* ViewController.swift */,
				AD01ABD21B817E55009196C1 /* Main.storyboard */,
				AD01ABD51B817E55009196C1 /* Images.xcassets */,
				AD01ABD71B817E55009196C1 /* LaunchScreen.xib */,
				AD01ABCD1B817E55009196C1 /* CapstoneProject.xcdatamodeld */,
				AD01ABC91B817E55009196C1 /* Supporting Files */,
			);
			path = CapstoneProject;
			sourceTree = "<group>";
		};
		AD01ABC91B817E55009196C1 /* Supporting Files */ = {
			isa = PBXGroup;
			children = (
				AD01ABCA1B817E55009196C1 /* Info.plist */,
			);
			name = "Supporting Files";
			sourceTree = "<group>";
		};
		AD01ABE11B817E55009196C1 /* CapstoneProjectTests */ = {
			isa = PBXGroup;
			children = (
				AD01ABE41B817E55009196C1 /* CapstoneProjectTests.swift */,
				AD01ABE21B817E55009196C1 /* Supporting Files */,
			);
			path = CapstoneProjectTests;
			sourceTree = "<group>";
		};
		AD01ABE21B817E55009196C1 /* Supporting Files */ = {
			isa = PBXGroup;
			children = (
				AD01ABE31B817E55009196C1 /* Info.plist */,
			);
			name = "Supporting Files";
			sourceTree = "<group>";
		};
/* End PBXGroup section */

/* Begin PBXNativeTarget section */
		AD01ABC51B817E55009196C1 /* CapstoneProject */ = {
			isa = PBXNativeTarget;
			buildConfigurationList = AD01ABE81B817E55009196C1 /* Build configuration list for PBXNativeTarget "CapstoneProject" */;
			buildPhases = (
				AD01ABC21B817E55009196C1 /* Sources */,
				AD01ABC31B817E55009196C1 /* Frameworks */,
				AD01ABC41B817E55009196C1 /* Resources */,
			);
			buildRules = (
			);
			dependencies = (
			);
			name = CapstoneProject;
			productName = CapstoneProject;
			productReference = AD01ABC61B817E55009196C1 /* CapstoneProject.app */;
			productType = "com.apple.product-type.application";
		};
		AD01ABDD1B817E55009196C1 /* CapstoneProjectTests */ = {
			isa = PBXNativeTarget;
			buildConfigurationList = AD01ABEB1B817E55009196C1 /* Build configuration list for PBXNativeTarget "CapstoneProjectTests" */;
			buildPhases = (
				AD01ABDA1B817E55009196C1 /* Sources */,
				AD01ABDB1B817E55009196C1 /* Frameworks */,
				AD01ABDC1B817E55009196C1 /* Resources */,
			);
			buildRules = (
			);
			dependencies = (
				AD01ABE01B817E55009196C1 /* PBXTargetDependency */,
			);
			name = CapstoneProjectTests;
			productName = CapstoneProjectTests;
			productReference = AD01ABDE1B817E55009196C1 /* CapstoneProjectTests.xctest */;
			productType = "com.apple.product-type.bundle.unit-test";
		};
/* End PBXNativeTarget section */

/* Begin PBXProject section */
		AD01ABBE1B817E55009196C1 /* Project object */ = {
			isa = PBXProject;
			attributes = {
				LastUpgradeCheck = 0630;
				ORGANIZATIONNAME = "Cody Fazio";
				TargetAttributes = {
					AD01ABC51B817E55009196C1 = {
						CreatedOnToolsVersion = 6.3.2;
					};
					AD01ABDD1B817E55009196C1 = {
						CreatedOnToolsVersion = 6.3.2;
						TestTargetID = AD01ABC51B817E55009196C1;
					};
				};
			};
			buildConfigurationList = AD01ABC11B817E55009196C1 /* Build configuration list for PBXProject "CapstoneProject" */;
			compatibilityVersion = "Xcode 3.2";
			developmentRegion = English;
			hasScannedForEncodings = 0;
			knownRegions = (
				en,
				Base,
			);
			mainGroup = AD01ABBD1B817E55009196C1;
			productRefGroup = AD01ABC71B817E55009196C1 /* Products */;
			projectDirPath = "";
			projectRoot = "";
			targets = (
				AD01ABC51B817E55009196C1 /* CapstoneProject */,
				AD01ABDD1B817E55009196C1 /* CapstoneProjectTests */,
			);
		};
/* End PBXProject section */

/* Begin PBXResourcesBuildPhase section */
		AD01ABC41B817E55009196C1 /* Resources */ = {
			isa = PBXResourcesBuildPhase;
			buildActionMask = 2147483647;
			files = (
				AD01ABD41B817E55009196C1 /* Main.storyboard in Resources */,
				AD01ABD91B817E55009196C1 /* LaunchScreen.xib in Resources */,
				AD01ABD61B817E55009196C1 /* Images.xcassets in Resources */,
			);
			runOnlyForDeploymentPostprocessing = 0;
		};
		AD01ABDC1B817E55009196C1 /* Resources */ = {
			isa = PBXResourcesBuildPhase;
			buildActionMask = 2147483647;
			files = (
			);
			runOnlyForDeploymentPostprocessing = 0;
		};
/* End PBXResourcesBuildPhase section */

/* Begin PBXSourcesBuildPhase section */
		AD01ABC21B817E55009196C1 /* Sources */ = {
			isa = PBXSourcesBuildPhase;
			buildActionMask = 2147483647;
			files = (
				AD01ABD11B817E55009196C1 /* ViewController.swift in Sources */,
				AD01ABCF1B817E55009196C1 /* CapstoneProject.xcdatamodeld in Sources */,
				AD01ABCC1B817E55009196C1 /* AppDelegate.swift in Sources */,
			);
			runOnlyForDeploymentPostprocessing = 0;
		};
		AD01ABDA1B817E55009196C1 /* Sources */ = {
			isa = PBXSourcesBuildPhase;
			buildActionMask = 2147483647;
			files = (
				AD01ABE51B817E55009196C1 /* CapstoneProjectTests.swift in Sources */,
			);
			runOnlyForDeploymentPostprocessing = 0;
		};
/* End PBXSourcesBuildPhase section */

/* Begin PBXTargetDependency section */
		AD01ABE01B817E55009196C1 /* PBXTargetDependency */ = {
			isa = PBXTargetDependency;
			target = AD01ABC51B817E55009196C1 /* CapstoneProject */;
			targetProxy = AD01ABDF1B817E55009196C1 /* PBXContainerItemProxy */;
		};
/* End PBXTargetDependency section */

/* Begin PBXVariantGroup section */
		AD01ABD21B817E55009196C1 /* Main.storyboard */ = {
			isa = PBXVariantGroup;
			children = (
				AD01ABD31B817E55009196C1 /* Base */,
			);
			name = Main.storyboard;
			sourceTree = "<group>";
		};
		AD01ABD71B817E55009196C1 /* LaunchScreen.xib */ = {
			isa = PBXVariantGroup;
			children = (
				AD01ABD81B817E55009196C1 /* Base */,
			);
			name = LaunchScreen.xib;
			sourceTree = "<group>";
		};
/* End PBXVariantGroup section */

/* Begin XCBuildConfiguration section */
		AD01ABE61B817E55009196C1 /* Debug */ = {
			isa = XCBuildConfiguration;
			buildSettings = {
				ALWAYS_SEARCH_USER_PATHS = NO;
				CLANG_CXX_LANGUAGE_STANDARD = "gnu++0x";
				CLANG_CXX_LIBRARY = "libc++";
				CLANG_ENABLE_MODULES = YES;
				CLANG_ENABLE_OBJC_ARC = YES;
				CLANG_WARN_BOOL_CONVERSION = YES;
				CLANG_WARN_CONSTANT_CONVERSION = YES;
				CLANG_WARN_DIRECT_OBJC_ISA_USAGE = YES_ERROR;
				CLANG_WARN_EMPTY_BODY = YES;
				CLANG_WARN_ENUM_CONVERSION = YES;
				CLANG_WARN_INT_CONVERSION = YES;
				CLANG_WARN_OBJC_ROOT_CLASS = YES_ERROR;
				CLANG_WARN_UNREACHABLE_CODE = YES;
				CLANG_WARN__DUPLICATE_METHOD_MATCH = YES;
				"CODE_SIGN_IDENTITY[sdk=iphoneos*]" = "iPhone Developer";
				COPY_PHASE_STRIP = NO;
				DEBUG_INFORMATION_FORMAT = "dwarf-with-dsym";
				ENABLE_STRICT_OBJC_MSGSEND = YES;
				GCC_C_LANGUAGE_STANDARD = gnu99;
				GCC_DYNAMIC_NO_PIC = NO;
				GCC_NO_COMMON_BLOCKS = YES;
				GCC_OPTIMIZATION_LEVEL = 0;
				GCC_PREPROCESSOR_DEFINITIONS = (
					"DEBUG=1",
					"$(inherited)",
				);
				GCC_SYMBOLS_PRIVATE_EXTERN = NO;
				GCC_WARN_64_TO_32_BIT_CONVERSION = YES;
				GCC_WARN_ABOUT_RETURN_TYPE = YES_ERROR;
				GCC_WARN_UNDECLARED_SELECTOR = YES;
				GCC_WARN_UNINITIALIZED_AUTOS = YES_AGGRESSIVE;
				GCC_WARN_UNUSED_FUNCTION = YES;
				GCC_WARN_UNUSED_VARIABLE = YES;
				IPHONEOS_DEPLOYMENT_TARGET = 8.3;
				MTL_ENABLE_DEBUG_INFO = YES;
				ONLY_ACTIVE_ARCH = YES;
				SDKROOT = iphoneos;
				SWIFT_OPTIMIZATION_LEVEL = "-Onone";
			};
			name = Debug;
		};
		AD01ABE71B817E55009196C1 /* Release */ = {
			isa = XCBuildConfiguration;
			buildSettings = {
				ALWAYS_SEARCH_USER_PATHS = NO;
				CLANG_CXX_LANGUAGE_STANDARD = "gnu++0x";
				CLANG_CXX_LIBRARY = "libc++";
				CLANG_ENABLE_MODULES = YES;
				CLANG_ENABLE_OBJC_ARC = YES;
				CLANG_WARN_BOOL_CONVERSION = YES;
				CLANG_WARN_CONSTANT_CONVERSION = YES;
				CLANG_WARN_DIRECT_OBJC_ISA_USAGE = YES_ERROR;
				CLANG_WARN_EMPTY_BODY = YES;
				CLANG_WARN_ENUM_CONVERSION = YES;
				CLANG_WARN_INT_CONVERSION = YES;
				CLANG_WARN_OBJC_ROOT_CLASS = YES_ERROR;
				CLANG_WARN_UNREACHABLE_CODE = YES;
				CLANG_WARN__DUPLICATE_METHOD_MATCH = YES;
				"CODE_SIGN_IDENTITY[sdk=iphoneos*]" = "iPhone Developer";
				COPY_PHASE_STRIP = NO;
				DEBUG_INFORMATION_FORMAT = "dwarf-with-dsym";
				ENABLE_NS_ASSERTIONS = NO;
				ENABLE_STRICT_OBJC_MSGSEND = YES;
				GCC_C_LANGUAGE_STANDARD = gnu99;
				GCC_NO_COMMON_BLOCKS = YES;
				GCC_WARN_64_TO_32_BIT_CONVERSION = YES;
				GCC_WARN_ABOUT_RETURN_TYPE = YES_ERROR;
				GCC_WARN_UNDECLARED_SELECTOR = YES;
				GCC_WARN_UNINITIALIZED_AUTOS = YES_AGGRESSIVE;
				GCC_WARN_UNUSED_FUNCTION = YES;
				GCC_WARN_UNUSED_VARIABLE = YES;
				IPHONEOS_DEPLOYMENT_TARGET = 8.3;
				MTL_ENABLE_DEBUG_INFO = NO;
				SDKROOT = iphoneos;
				VALIDATE_PRODUCT = YES;
			};
			name = Release;
		};
		AD01ABE91B817E55009196C1 /* Debug */ = {
			isa = XCBuildConfiguration;
			buildSettings = {
				ASSETCATALOG_COMPILER_APPICON_NAME = AppIcon;
				INFOPLIST_FILE = CapstoneProject/Info.plist;
				LD_RUNPATH_SEARCH_PATHS = "$(inherited) @executable_path/Frameworks";
				PRODUCT_NAME = "$(TARGET_NAME)";
			};
			name = Debug;
		};
		AD01ABEA1B817E55009196C1 /* Release */ = {
			isa = XCBuildConfiguration;
			buildSettings = {
				ASSETCATALOG_COMPILER_APPICON_NAME = AppIcon;
				INFOPLIST_FILE = CapstoneProject/Info.plist;
				LD_RUNPATH_SEARCH_PATHS = "$(inherited) @executable_path/Frameworks";
				PRODUCT_NAME = "$(TARGET_NAME)";
			};
			name = Release;
		};
		AD01ABEC1B817E55009196C1 /* Debug */ = {
			isa = XCBuildConfiguration;
			buildSettings = {
				BUNDLE_LOADER = "$(TEST_HOST)";
				FRAMEWORK_SEARCH_PATHS = (
					"$(SDKROOT)/Developer/Library/Frameworks",
					"$(inherited)",
				);
				GCC_PREPROCESSOR_DEFINITIONS = (
					"DEBUG=1",
					"$(inherited)",
				);
				INFOPLIST_FILE = CapstoneProjectTests/Info.plist;
				LD_RUNPATH_SEARCH_PATHS = "$(inherited) @executable_path/Frameworks @loader_path/Frameworks";
				PRODUCT_NAME = "$(TARGET_NAME)";
				TEST_HOST = "$(BUILT_PRODUCTS_DIR)/CapstoneProject.app/CapstoneProject";
			};
			name = Debug;
		};
		AD01ABED1B817E55009196C1 /* Release */ = {
			isa = XCBuildConfiguration;
			buildSettings = {
				BUNDLE_LOADER = "$(TEST_HOST)";
				FRAMEWORK_SEARCH_PATHS = (
					"$(SDKROOT)/Developer/Library/Frameworks",
					"$(inherited)",
				);
				INFOPLIST_FILE = CapstoneProjectTests/Info.plist;
				LD_RUNPATH_SEARCH_PATHS = "$(inherited) @executable_path/Frameworks @loader_path/Frameworks";
				PRODUCT_NAME = "$(TARGET_NAME)";
				TEST_HOST = "$(BUILT_PRODUCTS_DIR)/CapstoneProject.app/CapstoneProject";
			};
			name = Release;
		};
/* End XCBuildConfiguration section */

/* Begin XCConfigurationList section */
		AD01ABC11B817E55009196C1 /* Build configuration list for PBXProject "CapstoneProject" */ = {
			isa = XCConfigurationList;
			buildConfigurations = (
				AD01ABE61B817E55009196C1 /* Debug */,
				AD01ABE71B817E55009196C1 /* Release */,
			);
			defaultConfigurationIsVisible = 0;
			defaultConfigurationName = Release;
		};
		AD01ABE81B817E55009196C1 /* Build configuration list for PBXNativeTarget "CapstoneProject" */ = {
			isa = XCConfigurationList;
			buildConfigurations = (
				AD01ABE91B817E55009196C1 /* Debug */,
				AD01ABEA1B817E55009196C1 /* Release */,
			);
			defaultConfigurationIsVisible = 0;
		};
		AD01ABEB1B817E55009196C1 /* Build configuration list for PBXNativeTarget "CapstoneProjectTests" */ = {
			isa = XCConfigurationList;
			buildConfigurations = (
				AD01ABEC1B817E55009196C1 /* Debug */,
				AD01ABED1B817E55009196C1 /* Release */,
			);
			defaultConfigurationIsVisible = 0;
		};
/* End XCConfigurationList section */

/* Begin XCVersionGroup section */
		AD01ABCD1B817E55009196C1 /* CapstoneProject.xcdatamodeld */ = {
			isa = XCVersionGroup;
			children = (
				AD01ABCE1B817E55009196C1 /* CapstoneProject.xcdatamodel */,
			);
			currentVersion = AD01ABCE1B817E55009196C1 /* CapstoneProject.xcdatamodel */;
			path = CapstoneProject.xcdatamodeld;
			sourceTree = "<group>";
			versionGroupType = wrapper.xcdatamodel;
		};
/* End XCVersionGroup section */
	};
	rootObject = AD01ABBE1B817E55009196C1 /* Project object */;
}
